
Microsoft Visual Studio Solution File, Format Version 12.00
# Visual Studio Version 17
VisualStudioVersion = 17.5.33627.172
MinimumVisualStudioVersion = 10.0.40219.1
Project("{FAE04EC0-301F-11D3-BF4B-00C04F79EFBC}") = "Zippi", "Zippi\Zippi.csproj", "{919E0F92-E8C9-4ADF-8CF6-5D2CBE2E9B38}"
EndProject
Global
	GlobalSection(SolutionConfigurationPlatforms) = preSolution
		Debug|Any CPU = Debug|Any CPU
		Release|Any CPU = Release|Any CPU
	EndGlobalSection
	GlobalSection(ProjectConfigurationPlatforms) = postSolution
		{919E0F92-E8C9-4ADF-8CF6-5D2CBE2E9B38}.Debug|Any CPU.ActiveCfg = Debug|Any CPU
		{919E0F92-E8C9-4ADF-8CF6-5D2CBE2E9B38}.Debug|Any CPU.Build.0 = Debug|Any CPU
		{919E0F92-E8C9-4ADF-8CF6-5D2CBE2E9B38}.Release|Any CPU.ActiveCfg = Release|Any CPU
		{919E0F92-E8C9-4ADF-8CF6-5D2CBE2E9B38}.Release|Any CPU.Build.0 = Release|Any CPU
	EndGlobalSection
	GlobalSection(SolutionProperties) = preSolution
		HideSolutionNode = FALSE
	EndGlobalSection
	GlobalSection(ExtensibilityGlobals) = postSolution
		SolutionGuid = {3FBAB6BE-699D-4E2A-B1BA-126768F5CBC0}
	EndGlobalSection
EndGlobal
